
Microsoft Visual Studio Solution File, Format Version 12.00
# Visual Studio Version 17
VisualStudioVersion = 17.11.35327.3
MinimumVisualStudioVersion = 10.0.40219.1
Project("{FAE04EC0-301F-11D3-BF4B-00C04F79EFBC}") = "CSC 440 Group Project", "CSC 440 Group Project\CSC 440 Group Project.csproj", "{A434E812-50E3-483A-B101-C865A07B643E}"
EndProject
Global
	GlobalSection(SolutionConfigurationPlatforms) = preSolution
		Debug|Any CPU = Debug|Any CPU
		Release|Any CPU = Release|Any CPU
	EndGlobalSection
	GlobalSection(ProjectConfigurationPlatforms) = postSolution
		{A434E812-50E3-483A-B101-C865A07B643E}.Debug|Any CPU.ActiveCfg = Debug|Any CPU
		{A434E812-50E3-483A-B101-C865A07B643E}.Debug|Any CPU.Build.0 = Debug|Any CPU
		{A434E812-50E3-483A-B101-C865A07B643E}.Release|Any CPU.ActiveCfg = Release|Any CPU
		{A434E812-50E3-483A-B101-C865A07B643E}.Release|Any CPU.Build.0 = Release|Any CPU
	EndGlobalSection
	GlobalSection(SolutionProperties) = preSolution
		HideSolutionNode = FALSE
	EndGlobalSection
	GlobalSection(ExtensibilityGlobals) = postSolution
		SolutionGuid = {79FF66C1-7A31-4B65-BBBF-339B6B2F299A}
	EndGlobalSection
EndGlobal
